{
  "object": {
    "pins": [
      {
        "package": "SnapKit",
        "repositoryURL": "https://github.com/SnapKit/SnapKit.git",
        "state": {
          "branch": null,
          "revision": "d458564516e5676af9c70b4f4b2a9178294f1bc6",
          "version": "5.0.1"
        }
      },
      {
        "package": "Introspect",
        "repositoryURL": "https://github.com/siteline/SwiftUI-Introspect",
        "state": {
          "branch": null,
          "revision": "de5c32c15ae169cfcb27397ffb2734dcd0e1e6d5",
          "version": "0.1.0"
        }
      },
      {
        "package": "YoutubePlayerView",
        "repositoryURL": "https://github.com/mukeshydv/YoutubePlayerView.git",
        "state": {
          "branch": null,
          "revision": "cf35d8e600c2283a585bbeb7e8a555a712387f41",
          "version": "1.2.1"
        }
      }
    ]
  },
  "version": 1
}
